
Microsoft Visual Studio Solution File, Format Version 12.00
# Visual Studio 15
VisualStudioVersion = 15.0.26730.12
MinimumVisualStudioVersion = 10.0.40219.1
Project("{FAE04EC0-301F-11D3-BF4B-00C04F79EFBC}") = "WCFStudent", "WCFStudent\WCFStudent.csproj", "{B7028686-DAA9-4406-8D14-E9398461E0B1}"
EndProject
Global
	GlobalSection(SolutionConfigurationPlatforms) = preSolution
		Debug|Any CPU = Debug|Any CPU
		Release|Any CPU = Release|Any CPU
	EndGlobalSection
	GlobalSection(ProjectConfigurationPlatforms) = postSolution
		{B7028686-DAA9-4406-8D14-E9398461E0B1}.Debug|Any CPU.ActiveCfg = Debug|Any CPU
		{B7028686-DAA9-4406-8D14-E9398461E0B1}.Debug|Any CPU.Build.0 = Debug|Any CPU
		{B7028686-DAA9-4406-8D14-E9398461E0B1}.Release|Any CPU.ActiveCfg = Release|Any CPU
		{B7028686-DAA9-4406-8D14-E9398461E0B1}.Release|Any CPU.Build.0 = Release|Any CPU
	EndGlobalSection
	GlobalSection(SolutionProperties) = preSolution
		HideSolutionNode = FALSE
	EndGlobalSection
	GlobalSection(ExtensibilityGlobals) = postSolution
		SolutionGuid = {6744DBAD-BD58-4EB7-879B-1BA23C5D1FB8}
	EndGlobalSection
EndGlobal
